dependencies:
- name: microservice-chart
  repository: https://pagopa.github.io/aks-microservice-chart-blueprint
  version: 7.5.0
- name: microservice-chart
  repository: https://pagopa.github.io/aks-microservice-chart-blueprint
  version: 7.5.0
- name: microservice-chart
  repository: https://pagopa.github.io/aks-microservice-chart-blueprint
  version: 7.5.0
digest: sha256:0ba2d3153400e4efc93c37fa7d978b51d6cee38f36523325eee3b173cceb3667
generated: "2025-05-14T14:42:56.754755+02:00"
