dependencies:
- name: microservice-chart
  repository: https://pagopa.github.io/aks-microservice-chart-blueprint
  version: 3.0.0
- name: microservice-chart
  repository: https://pagopa.github.io/aks-microservice-chart-blueprint
  version: 3.0.0
digest: sha256:da7b82695c49143f62aefc52f8c79a205a050a020e31439394dfb21700156539
generated: "2024-03-13T18:15:11.210675+01:00"
